// !$*UTF8*$!
{
	archiveVersion = 1;
	classes = {
	};
	objectVersion = 46;
	objects = {

/* Begin PBXBuildFile section */
		452818701BE94D110067558F /* AppDelegate.swift in Sources */ = {isa = PBXBuildFile; fileRef = 4528186F1BE94D110067558F /* AppDelegate.swift */; };
		452818721BE94D110067558F /* RootViewController.swift in Sources */ = {isa = PBXBuildFile; fileRef = 452818711BE94D110067558F /* RootViewController.swift */; };
		452818741BE94D110067558F /* DataViewController.swift in Sources */ = {isa = PBXBuildFile; fileRef = 452818731BE94D110067558F /* DataViewController.swift */; };
		452818761BE94D110067558F /* ModelController.swift in Sources */ = {isa = PBXBuildFile; fileRef = 452818751BE94D110067558F /* ModelController.swift */; };
		452818791BE94D110067558F /* Main.storyboard in Resources */ = {isa = PBXBuildFile; fileRef = 452818771BE94D110067558F /* Main.storyboard */; };
		4528187B1BE94D110067558F /* Assets.xcassets in Resources */ = {isa = PBXBuildFile; fileRef = 4528187A1BE94D110067558F /* Assets.xcassets */; };
		4528187E1BE94D110067558F /* LaunchScreen.storyboard in Resources */ = {isa = PBXBuildFile; fileRef = 4528187C1BE94D110067558F /* LaunchScreen.storyboard */; };
/* End PBXBuildFile section */

/* Begin PBXFileReference section */
		4528186C1BE94D110067558F /* Cats.app */ = {isa = PBXFileReference; explicitFileType = wrapper.application; includeInIndex = 0; path = Cats.app; sourceTree = BUILT_PRODUCTS_DIR; };
		4528186F1BE94D110067558F /* AppDelegate.swift */ = {isa = PBXFileReference; lastKnownFileType = sourcecode.swift; path = AppDelegate.swift; sourceTree = "<group>"; };
		452818711BE94D110067558F /* RootViewController.swift */ = {isa = PBXFileReference; lastKnownFileType = sourcecode.swift; path = RootViewController.swift; sourceTree = "<group>"; };
		452818731BE94D110067558F /* DataViewController.swift */ = {isa = PBXFileReference; lastKnownFileType = sourcecode.swift; path = DataViewController.swift; sourceTree = "<group>"; };
		452818751BE94D110067558F /* ModelController.swift */ = {isa = PBXFileReference; lastKnownFileType = sourcecode.swift; path = ModelController.swift; sourceTree = "<group>"; };
		452818781BE94D110067558F /* Base */ = {isa = PBXFileReference; lastKnownFileType = file.storyboard; name = Base; path = Base.lproj/Main.storyboard; sourceTree = "<group>"; };
		4528187A1BE94D110067558F /* Assets.xcassets */ = {isa = PBXFileReference; lastKnownFileType = folder.assetcatalog; path = Assets.xcassets; sourceTree = "<group>"; };
		4528187D1BE94D110067558F /* Base */ = {isa = PBXFileReference; lastKnownFileType = file.storyboard; name = Base; path = Base.lproj/LaunchScreen.storyboard; sourceTree = "<group>"; };
		4528187F1BE94D110067558F /* Info.plist */ = {isa = PBXFileReference; lastKnownFileType = text.plist.xml; path = Info.plist; sourceTree = "<group>"; };
/* End PBXFileReference section */

/* Begin PBXFrameworksBuildPhase section */
		452818691BE94D110067558F /* Frameworks */ = {
			isa = PBXFrameworksBuildPhase;
			buildActionMask = 2147483647;
			files = (
			);
			runOnlyForDeploymentPostprocessing = 0;
		};
/* End PBXFrameworksBuildPhase section */

/* Begin PBXGroup section */
		452818631BE94D110067558F = {
			isa = PBXGroup;
			children = (
				4528186E1BE94D110067558F /* Cats */,
				4528186D1BE94D110067558F /* Products */,
			);
			sourceTree = "<group>";
		};
		4528186D1BE94D110067558F /* Products */ = {
			isa = PBXGroup;
			children = (
				4528186C1BE94D110067558F /* Cats.app */,
			);
			name = Products;
			sourceTree = "<group>";
		};
		4528186E1BE94D110067558F /* Cats */ = {
			isa = PBXGroup;
			children = (
				4528186F1BE94D110067558F /* AppDelegate.swift */,
				452818711BE94D110067558F /* RootViewController.swift */,
				452818731BE94D110067558F /* DataViewController.swift */,
				452818751BE94D110067558F /* ModelController.swift */,
				452818771BE94D110067558F /* Main.storyboard */,
				4528187A1BE94D110067558F /* Assets.xcassets */,
				4528187C1BE94D110067558F /* LaunchScreen.storyboard */,
				4528187F1BE94D110067558F /* Info.plist */,
			);
			path = Cats;
			sourceTree = "<group>";
		};
/* End PBXGroup section */

/* Begin PBXNativeTarget section */
		4528186B1BE94D110067558F /* Cats */ = {
			isa = PBXNativeTarget;
			buildConfigurationList = 452818821BE94D110067558F /* Build configuration list for PBXNativeTarget "Cats" */;
			buildPhases = (
				452818681BE94D110067558F /* Sources */,
				452818691BE94D110067558F /* Frameworks */,
				4528186A1BE94D110067558F /* Resources */,
			);
			buildRules = (
			);
			dependencies = (
			);
			name = Cats;
			productName = Cats;
			productReference = 4528186C1BE94D110067558F /* Cats.app */;
			productType = "com.apple.product-type.application";
		};
/* End PBXNativeTarget section */

/* Begin PBXProject section */
		452818641BE94D110067558F /* Project object */ = {
			isa = PBXProject;
			attributes = {
				LastSwiftUpdateCheck = 0710;
				LastUpgradeCheck = 0710;
				ORGANIZATIONNAME = "Staten,Tera";
				TargetAttributes = {
					4528186B1BE94D110067558F = {
						CreatedOnToolsVersion = 7.1;
					};
				};
			};
			buildConfigurationList = 452818671BE94D110067558F /* Build configuration list for PBXProject "Cats" */;
			compatibilityVersion = "Xcode 3.2";
			developmentRegion = English;
			hasScannedForEncodings = 0;
			knownRegions = (
				en,
				Base,
			);
			mainGroup = 452818631BE94D110067558F;
			productRefGroup = 4528186D1BE94D110067558F /* Products */;
			projectDirPath = "";
			projectRoot = "";
			targets = (
				4528186B1BE94D110067558F /* Cats */,
			);
		};
/* End PBXProject section */

/* Begin PBXResourcesBuildPhase section */
		4528186A1BE94D110067558F /* Resources */ = {
			isa = PBXResourcesBuildPhase;
			buildActionMask = 2147483647;
			files = (
				4528187E1BE94D110067558F /* LaunchScreen.storyboard in Resources */,
				4528187B1BE94D110067558F /* Assets.xcassets in Resources */,
				452818791BE94D110067558F /* Main.storyboard in Resources */,
			);
			runOnlyForDeploymentPostprocessing = 0;
		};
/* End PBXResourcesBuildPhase section */

/* Begin PBXSourcesBuildPhase section */
		452818681BE94D110067558F /* Sources */ = {
			isa = PBXSourcesBuildPhase;
			buildActionMask = 2147483647;
			files = (
				452818721BE94D110067558F /* RootViewController.swift in Sources */,
				452818761BE94D110067558F /* ModelController.swift in Sources */,
				452818741BE94D110067558F /* DataViewController.swift in Sources */,
				452818701BE94D110067558F /* AppDelegate.swift in Sources */,
			);
			runOnlyForDeploymentPostprocessing = 0;
		};
/* End PBXSourcesBuildPhase section */

/* Begin PBXVariantGroup section */
		452818771BE94D110067558F /* Main.storyboard */ = {
			isa = PBXVariantGroup;
			children = (
				452818781BE94D110067558F /* Base */,
			);
			name = Main.storyboard;
			sourceTree = "<group>";
		};
		4528187C1BE94D110067558F /* LaunchScreen.storyboard */ = {
			isa = PBXVariantGroup;
			children = (
				4528187D1BE94D110067558F /* Base */,
			);
			name = LaunchScreen.storyboard;
			sourceTree = "<group>";
		};
/* End PBXVariantGroup section */

/* Begin XCBuildConfiguration section */
		452818801BE94D110067558F /* Debug */ = {
			isa = XCBuildConfiguration;
			buildSettings = {
				ALWAYS_SEARCH_USER_PATHS = NO;
				CLANG_CXX_LANGUAGE_STANDARD = "gnu++0x";
				CLANG_CXX_LIBRARY = "libc++";
				CLANG_ENABLE_MODULES = YES;
				CLANG_ENABLE_OBJC_ARC = YES;
				CLANG_WARN_BOOL_CONVERSION = YES;
				CLANG_WARN_CONSTANT_CONVERSION = YES;
				CLANG_WARN_DIRECT_OBJC_ISA_USAGE = YES_ERROR;
				CLANG_WARN_EMPTY_BODY = YES;
				CLANG_WARN_ENUM_CONVERSION = YES;
				CLANG_WARN_INT_CONVERSION = YES;
				CLANG_WARN_OBJC_ROOT_CLASS = YES_ERROR;
				CLANG_WARN_UNREACHABLE_CODE = YES;
				CLANG_WARN__DUPLICATE_METHOD_MATCH = YES;
				"CODE_SIGN_IDENTITY[sdk=iphoneos*]" = "iPhone Developer";
				COPY_PHASE_STRIP = NO;
				DEBUG_INFORMATION_FORMAT = dwarf;
				ENABLE_STRICT_OBJC_MSGSEND = YES;
				ENABLE_TESTABILITY = YES;
				GCC_C_LANGUAGE_STANDARD = gnu99;
				GCC_DYNAMIC_NO_PIC = NO;
				GCC_NO_COMMON_BLOCKS = YES;
				GCC_OPTIMIZATION_LEVEL = 0;
				GCC_PREPROCESSOR_DEFINITIONS = (
					"DEBUG=1",
					"$(inherited)",
				);
				GCC_WARN_64_TO_32_BIT_CONVERSION = YES;
				GCC_WARN_ABOUT_RETURN_TYPE = YES_ERROR;
				GCC_WARN_UNDECLARED_SELECTOR = YES;
				GCC_WARN_UNINITIALIZED_AUTOS = YES_AGGRESSIVE;
				GCC_WARN_UNUSED_FUNCTION = YES;
				GCC_WARN_UNUSED_VARIABLE = YES;
				IPHONEOS_DEPLOYMENT_TARGET = 9.1;
				MTL_ENABLE_DEBUG_INFO = YES;
				ONLY_ACTIVE_ARCH = YES;
				SDKROOT = iphoneos;
				SWIFT_OPTIMIZATION_LEVEL = "-Onone";
				TARGETED_DEVICE_FAMILY = "1,2";
			};
			name = Debug;
		};
		452818811BE94D110067558F /* Release */ = {
			isa = XCBuildConfiguration;
			buildSettings = {
				ALWAYS_SEARCH_USER_PATHS = NO;
				CLANG_CXX_LANGUAGE_STANDARD = "gnu++0x";
				CLANG_CXX_LIBRARY = "libc++";
				CLANG_ENABLE_MODULES = YES;
				CLANG_ENABLE_OBJC_ARC = YES;
				CLANG_WARN_BOOL_CONVERSION = YES;
				CLANG_WARN_CONSTANT_CONVERSION = YES;
				CLANG_WARN_DIRECT_OBJC_ISA_USAGE = YES_ERROR;
				CLANG_WARN_EMPTY_BODY = YES;
				CLANG_WARN_ENUM_CONVERSION = YES;
				CLANG_WARN_INT_CONVERSION = YES;
				CLANG_WARN_OBJC_ROOT_CLASS = YES_ERROR;
				CLANG_WARN_UNREACHABLE_CODE = YES;
				CLANG_WARN__DUPLICATE_METHOD_MATCH = YES;
				"CODE_SIGN_IDENTITY[sdk=iphoneos*]" = "iPhone Developer";
				COPY_PHASE_STRIP = NO;
				DEBUG_INFORMATION_FORMAT = "dwarf-with-dsym";
				ENABLE_NS_ASSERTIONS = NO;
				ENABLE_STRICT_OBJC_MSGSEND = YES;
				GCC_C_LANGUAGE_STANDARD = gnu99;
				GCC_NO_COMMON_BLOCKS = YES;
				GCC_WARN_64_TO_32_BIT_CONVERSION = YES;
				GCC_WARN_ABOUT_RETURN_TYPE = YES_ERROR;
				GCC_WARN_UNDECLARED_SELECTOR = YES;
				GCC_WARN_UNINITIALIZED_AUTOS = YES_AGGRESSIVE;
				GCC_WARN_UNUSED_FUNCTION = YES;
				GCC_WARN_UNUSED_VARIABLE = YES;
				IPHONEOS_DEPLOYMENT_TARGET = 9.1;
				MTL_ENABLE_DEBUG_INFO = NO;
				SDKROOT = iphoneos;
				TARGETED_DEVICE_FAMILY = "1,2";
				VALIDATE_PRODUCT = YES;
			};
			name = Release;
		};
		452818831BE94D110067558F /* Debug */ = {
			isa = XCBuildConfiguration;
			buildSettings = {
				ASSETCATALOG_COMPILER_APPICON_NAME = AppIcon;
				INFOPLIST_FILE = Cats/Info.plist;
				LD_RUNPATH_SEARCH_PATHS = "$(inherited) @executable_path/Frameworks";
				PRODUCT_BUNDLE_IDENTIFIER = edu.uakron.cs.ios.Cats;
				PRODUCT_NAME = "$(TARGET_NAME)";
			};
			name = Debug;
		};
		452818841BE94D110067558F /* Release */ = {
			isa = XCBuildConfiguration;
			buildSettings = {
				ASSETCATALOG_COMPILER_APPICON_NAME = AppIcon;
				INFOPLIST_FILE = Cats/Info.plist;
				LD_RUNPATH_SEARCH_PATHS = "$(inherited) @executable_path/Frameworks";
				PRODUCT_BUNDLE_IDENTIFIER = edu.uakron.cs.ios.Cats;
				PRODUCT_NAME = "$(TARGET_NAME)";
			};
			name = Release;
		};
/* End XCBuildConfiguration section */

/* Begin XCConfigurationList section */
		452818671BE94D110067558F /* Build configuration list for PBXProject "Cats" */ = {
			isa = XCConfigurationList;
			buildConfigurations = (
				452818801BE94D110067558F /* Debug */,
				452818811BE94D110067558F /* Release */,
			);
			defaultConfigurationIsVisible = 0;
			defaultConfigurationName = Release;
		};
		452818821BE94D110067558F /* Build configuration list for PBXNativeTarget "Cats" */ = {
			isa = XCConfigurationList;
			buildConfigurations = (
				452818831BE94D110067558F /* Debug */,
				452818841BE94D110067558F /* Release */,
			);
			defaultConfigurationIsVisible = 0;
		};
/* End XCConfigurationList section */
	};
	rootObject = 452818641BE94D110067558F /* Project object */;
}
